
Microsoft Visual Studio Solution File, Format Version 12.00
# Visual Studio Version 17
VisualStudioVersion = 17.2.32516.85
MinimumVisualStudioVersion = 10.0.40219.1
Project("{FAE04EC0-301F-11D3-BF4B-00C04F79EFBC}") = "Web_xemphim", "Web_xemphim\Web_xemphim.csproj", "{5E824EA2-6EB8-48F1-81E0-AC080ED3CD46}"
EndProject
Global
	GlobalSection(SolutionConfigurationPlatforms) = preSolution
		Debug|Any CPU = Debug|Any CPU
		Release|Any CPU = Release|Any CPU
	EndGlobalSection
	GlobalSection(ProjectConfigurationPlatforms) = postSolution
		{5E824EA2-6EB8-48F1-81E0-AC080ED3CD46}.Debug|Any CPU.ActiveCfg = Debug|Any CPU
		{5E824EA2-6EB8-48F1-81E0-AC080ED3CD46}.Debug|Any CPU.Build.0 = Debug|Any CPU
		{5E824EA2-6EB8-48F1-81E0-AC080ED3CD46}.Release|Any CPU.ActiveCfg = Release|Any CPU
		{5E824EA2-6EB8-48F1-81E0-AC080ED3CD46}.Release|Any CPU.Build.0 = Release|Any CPU
	EndGlobalSection
	GlobalSection(SolutionProperties) = preSolution
		HideSolutionNode = FALSE
	EndGlobalSection
	GlobalSection(ExtensibilityGlobals) = postSolution
		SolutionGuid = {8A50E89E-F59F-4FF0-9EFF-2E44667B4DCF}
	EndGlobalSection
EndGlobal
